
Microsoft Visual Studio Solution File, Format Version 12.00
# Visual Studio Version 17
VisualStudioVersion = 17.4.33213.308
MinimumVisualStudioVersion = 10.0.40219.1
Project("{FAE04EC0-301F-11D3-BF4B-00C04F79EFBC}") = "ProyectoTransitoCoreMVC", "ProyectoTransitoCoreMVC\ProyectoTransitoCoreMVC.csproj", "{B1B8247B-32DC-4E2E-B9AD-7EBABCC816DE}"
EndProject
Global
	GlobalSection(SolutionConfigurationPlatforms) = preSolution
		Debug|Any CPU = Debug|Any CPU
		Release|Any CPU = Release|Any CPU
	EndGlobalSection
	GlobalSection(ProjectConfigurationPlatforms) = postSolution
		{B1B8247B-32DC-4E2E-B9AD-7EBABCC816DE}.Debug|Any CPU.ActiveCfg = Debug|Any CPU
		{B1B8247B-32DC-4E2E-B9AD-7EBABCC816DE}.Debug|Any CPU.Build.0 = Debug|Any CPU
		{B1B8247B-32DC-4E2E-B9AD-7EBABCC816DE}.Release|Any CPU.ActiveCfg = Release|Any CPU
		{B1B8247B-32DC-4E2E-B9AD-7EBABCC816DE}.Release|Any CPU.Build.0 = Release|Any CPU
	EndGlobalSection
	GlobalSection(SolutionProperties) = preSolution
		HideSolutionNode = FALSE
	EndGlobalSection
	GlobalSection(ExtensibilityGlobals) = postSolution
		SolutionGuid = {9506B27F-2BD0-429C-A299-76F6B3F2DBD7}
	EndGlobalSection
EndGlobal
